// !$*UTF8*$!
{
	archiveVersion = 1;
	classes = {
	};
	objectVersion = 46;
	objects = {

/* Begin PBXBuildFile section */
		F6D47B95150A8A2100AD0AFE /* schn_gre_1.png in Resources */ = {isa = PBXBuildFile; fileRef = F6D47B91150A8A2100AD0AFE /* schn_gre_1.png */; };
		F6D47B96150A8A2100AD0AFE /* schn_gre_1@2x.png in Resources */ = {isa = PBXBuildFile; fileRef = F6D47B92150A8A2100AD0AFE /* schn_gre_1@2x.png */; };
		F6D47B97150A8A2100AD0AFE /* schn_gre_2.png in Resources */ = {isa = PBXBuildFile; fileRef = F6D47B93150A8A2100AD0AFE /* schn_gre_2.png */; };
		F6D47B98150A8A2100AD0AFE /* schn_gre_2@2x.png in Resources */ = {isa = PBXBuildFile; fileRef = F6D47B94150A8A2100AD0AFE /* schn_gre_2@2x.png */; };
		F6D47BA5150BE5DE00AD0AFE /* becher_g.png in Resources */ = {isa = PBXBuildFile; fileRef = F6D47B9F150BE5DD00AD0AFE /* becher_g.png */; };
		F6D47BA6150BE5DE00AD0AFE /* becher_g@2x.png in Resources */ = {isa = PBXBuildFile; fileRef = F6D47BA0150BE5DD00AD0AFE /* becher_g@2x.png */; };
		F6D47BA7150BE5DE00AD0AFE /* becher_l.png in Resources */ = {isa = PBXBuildFile; fileRef = F6D47BA1150BE5DD00AD0AFE /* becher_l.png */; };
		F6D47BA8150BE5DE00AD0AFE /* becher_l@2x.png in Resources */ = {isa = PBXBuildFile; fileRef = F6D47BA2150BE5DD00AD0AFE /* becher_l@2x.png */; };
		F6D47BA9150BE5DE00AD0AFE /* becher_r.png in Resources */ = {isa = PBXBuildFile; fileRef = F6D47BA3150BE5DD00AD0AFE /* becher_r.png */; };
		F6D47BAA150BE5DE00AD0AFE /* becher_r@2x.png in Resources */ = {isa = PBXBuildFile; fileRef = F6D47BA4150BE5DD00AD0AFE /* becher_r@2x.png */; };
		F6F96FFF150A5CAC00AA8F40 /* UIKit.framework in Frameworks */ = {isa = PBXBuildFile; fileRef = F6F96FFE150A5CAC00AA8F40 /* UIKit.framework */; };
		F6F97001150A5CAC00AA8F40 /* Foundation.framework in Frameworks */ = {isa = PBXBuildFile; fileRef = F6F97000150A5CAC00AA8F40 /* Foundation.framework */; };
		F6F97003150A5CAC00AA8F40 /* CoreGraphics.framework in Frameworks */ = {isa = PBXBuildFile; fileRef = F6F97002150A5CAC00AA8F40 /* CoreGraphics.framework */; };
		F6F97009150A5CAC00AA8F40 /* InfoPlist.strings in Resources */ = {isa = PBXBuildFile; fileRef = F6F97007150A5CAC00AA8F40 /* InfoPlist.strings */; };
		F6F9700B150A5CAC00AA8F40 /* main.m in Sources */ = {isa = PBXBuildFile; fileRef = F6F9700A150A5CAC00AA8F40 /* main.m */; };
		F6F9700F150A5CAC00AA8F40 /* AppDelegate.m in Sources */ = {isa = PBXBuildFile; fileRef = F6F9700E150A5CAC00AA8F40 /* AppDelegate.m */; };
		F6F97012150A5CAC00AA8F40 /* ViewController.m in Sources */ = {isa = PBXBuildFile; fileRef = F6F97011150A5CAC00AA8F40 /* ViewController.m */; };
		F6F97015150A5CAC00AA8F40 /* ViewController.xib in Resources */ = {isa = PBXBuildFile; fileRef = F6F97013150A5CAC00AA8F40 /* ViewController.xib */; };
		F6F97027150A5D4800AA8F40 /* schn_blu_1.png in Resources */ = {isa = PBXBuildFile; fileRef = F6F9701B150A5D4800AA8F40 /* schn_blu_1.png */; };
		F6F97028150A5D4800AA8F40 /* schn_blu_1@2x.png in Resources */ = {isa = PBXBuildFile; fileRef = F6F9701C150A5D4800AA8F40 /* schn_blu_1@2x.png */; };
		F6F97029150A5D4800AA8F40 /* schn_blu_2.png in Resources */ = {isa = PBXBuildFile; fileRef = F6F9701D150A5D4800AA8F40 /* schn_blu_2.png */; };
		F6F9702A150A5D4800AA8F40 /* schn_blu_2@2x.png in Resources */ = {isa = PBXBuildFile; fileRef = F6F9701E150A5D4800AA8F40 /* schn_blu_2@2x.png */; };
		F6F9702B150A5D4800AA8F40 /* schn_ora_1.png in Resources */ = {isa = PBXBuildFile; fileRef = F6F9701F150A5D4800AA8F40 /* schn_ora_1.png */; };
		F6F9702C150A5D4800AA8F40 /* schn_ora_1@2x.png in Resources */ = {isa = PBXBuildFile; fileRef = F6F97020150A5D4800AA8F40 /* schn_ora_1@2x.png */; };
		F6F9702D150A5D4800AA8F40 /* schn_ora_2.png in Resources */ = {isa = PBXBuildFile; fileRef = F6F97021150A5D4800AA8F40 /* schn_ora_2.png */; };
		F6F9702E150A5D4800AA8F40 /* schn_ora_2@2x.png in Resources */ = {isa = PBXBuildFile; fileRef = F6F97022150A5D4800AA8F40 /* schn_ora_2@2x.png */; };
		F6F9702F150A5D4800AA8F40 /* schn_ros_1.png in Resources */ = {isa = PBXBuildFile; fileRef = F6F97023150A5D4800AA8F40 /* schn_ros_1.png */; };
		F6F97030150A5D4800AA8F40 /* schn_ros_1@2x.png in Resources */ = {isa = PBXBuildFile; fileRef = F6F97024150A5D4800AA8F40 /* schn_ros_1@2x.png */; };
		F6F97031150A5D4800AA8F40 /* schn_ros_2.png in Resources */ = {isa = PBXBuildFile; fileRef = F6F97025150A5D4800AA8F40 /* schn_ros_2.png */; };
		F6F97032150A5D4800AA8F40 /* schn_ros_2@2x.png in Resources */ = {isa = PBXBuildFile; fileRef = F6F97026150A5D4800AA8F40 /* schn_ros_2@2x.png */; };
		F6F97039150A5EBD00AA8F40 /* back.png in Resources */ = {isa = PBXBuildFile; fileRef = F6F97037150A5EBD00AA8F40 /* back.png */; };
		F6F9703A150A5EBD00AA8F40 /* back@2x.png in Resources */ = {isa = PBXBuildFile; fileRef = F6F97038150A5EBD00AA8F40 /* back@2x.png */; };
/* End PBXBuildFile section */

/* Begin PBXFileReference section */
		F6D47B91150A8A2100AD0AFE /* schn_gre_1.png */ = {isa = PBXFileReference; lastKnownFileType = image.png; path = schn_gre_1.png; sourceTree = "<group>"; };
		F6D47B92150A8A2100AD0AFE /* schn_gre_1@2x.png */ = {isa = PBXFileReference; lastKnownFileType = image.png; path = "schn_gre_1@2x.png"; sourceTree = "<group>"; };
		F6D47B93150A8A2100AD0AFE /* schn_gre_2.png */ = {isa = PBXFileReference; lastKnownFileType = image.png; path = schn_gre_2.png; sourceTree = "<group>"; };
		F6D47B94150A8A2100AD0AFE /* schn_gre_2@2x.png */ = {isa = PBXFileReference; lastKnownFileType = image.png; path = "schn_gre_2@2x.png"; sourceTree = "<group>"; };
		F6D47B9F150BE5DD00AD0AFE /* becher_g.png */ = {isa = PBXFileReference; lastKnownFileType = image.png; path = becher_g.png; sourceTree = "<group>"; };
		F6D47BA0150BE5DD00AD0AFE /* becher_g@2x.png */ = {isa = PBXFileReference; lastKnownFileType = image.png; path = "becher_g@2x.png"; sourceTree = "<group>"; };
		F6D47BA1150BE5DD00AD0AFE /* becher_l.png */ = {isa = PBXFileReference; lastKnownFileType = image.png; path = becher_l.png; sourceTree = "<group>"; };
		F6D47BA2150BE5DD00AD0AFE /* becher_l@2x.png */ = {isa = PBXFileReference; lastKnownFileType = image.png; path = "becher_l@2x.png"; sourceTree = "<group>"; };
		F6D47BA3150BE5DD00AD0AFE /* becher_r.png */ = {isa = PBXFileReference; lastKnownFileType = image.png; path = becher_r.png; sourceTree = "<group>"; };
		F6D47BA4150BE5DD00AD0AFE /* becher_r@2x.png */ = {isa = PBXFileReference; lastKnownFileType = image.png; path = "becher_r@2x.png"; sourceTree = "<group>"; };
		F6F96FFA150A5CAC00AA8F40 /* Schneckenrennen.app */ = {isa = PBXFileReference; explicitFileType = wrapper.application; includeInIndex = 0; path = Schneckenrennen.app; sourceTree = BUILT_PRODUCTS_DIR; };
		F6F96FFE150A5CAC00AA8F40 /* UIKit.framework */ = {isa = PBXFileReference; lastKnownFileType = wrapper.framework; name = UIKit.framework; path = System/Library/Frameworks/UIKit.framework; sourceTree = SDKROOT; };
		F6F97000150A5CAC00AA8F40 /* Foundation.framework */ = {isa = PBXFileReference; lastKnownFileType = wrapper.framework; name = Foundation.framework; path = System/Library/Frameworks/Foundation.framework; sourceTree = SDKROOT; };
		F6F97002150A5CAC00AA8F40 /* CoreGraphics.framework */ = {isa = PBXFileReference; lastKnownFileType = wrapper.framework; name = CoreGraphics.framework; path = System/Library/Frameworks/CoreGraphics.framework; sourceTree = SDKROOT; };
		F6F97006150A5CAC00AA8F40 /* Schneckenrennen-Info.plist */ = {isa = PBXFileReference; lastKnownFileType = text.plist.xml; path = "Schneckenrennen-Info.plist"; sourceTree = "<group>"; };
		F6F97008150A5CAC00AA8F40 /* en */ = {isa = PBXFileReference; lastKnownFileType = text.plist.strings; name = en; path = en.lproj/InfoPlist.strings; sourceTree = "<group>"; };
		F6F9700A150A5CAC00AA8F40 /* main.m */ = {isa = PBXFileReference; lastKnownFileType = sourcecode.c.objc; path = main.m; sourceTree = "<group>"; };
		F6F9700C150A5CAC00AA8F40 /* Schneckenrennen-Prefix.pch */ = {isa = PBXFileReference; lastKnownFileType = sourcecode.c.h; path = "Schneckenrennen-Prefix.pch"; sourceTree = "<group>"; };
		F6F9700D150A5CAC00AA8F40 /* AppDelegate.h */ = {isa = PBXFileReference; lastKnownFileType = sourcecode.c.h; path = AppDelegate.h; sourceTree = "<group>"; };
		F6F9700E150A5CAC00AA8F40 /* AppDelegate.m */ = {isa = PBXFileReference; lastKnownFileType = sourcecode.c.objc; path = AppDelegate.m; sourceTree = "<group>"; };
		F6F97010150A5CAC00AA8F40 /* ViewController.h */ = {isa = PBXFileReference; lastKnownFileType = sourcecode.c.h; path = ViewController.h; sourceTree = "<group>"; };
		F6F97011150A5CAC00AA8F40 /* ViewController.m */ = {isa = PBXFileReference; lastKnownFileType = sourcecode.c.objc; path = ViewController.m; sourceTree = "<group>"; };
		F6F97014150A5CAC00AA8F40 /* en */ = {isa = PBXFileReference; lastKnownFileType = file.xib; name = en; path = en.lproj/ViewController.xib; sourceTree = "<group>"; };
		F6F9701B150A5D4800AA8F40 /* schn_blu_1.png */ = {isa = PBXFileReference; lastKnownFileType = image.png; path = schn_blu_1.png; sourceTree = "<group>"; };
		F6F9701C150A5D4800AA8F40 /* schn_blu_1@2x.png */ = {isa = PBXFileReference; lastKnownFileType = image.png; path = "schn_blu_1@2x.png"; sourceTree = "<group>"; };
		F6F9701D150A5D4800AA8F40 /* schn_blu_2.png */ = {isa = PBXFileReference; lastKnownFileType = image.png; path = schn_blu_2.png; sourceTree = "<group>"; };
		F6F9701E150A5D4800AA8F40 /* schn_blu_2@2x.png */ = {isa = PBXFileReference; lastKnownFileType = image.png; path = "schn_blu_2@2x.png"; sourceTree = "<group>"; };
		F6F9701F150A5D4800AA8F40 /* schn_ora_1.png */ = {isa = PBXFileReference; lastKnownFileType = image.png; path = schn_ora_1.png; sourceTree = "<group>"; };
		F6F97020150A5D4800AA8F40 /* schn_ora_1@2x.png */ = {isa = PBXFileReference; lastKnownFileType = image.png; path = "schn_ora_1@2x.png"; sourceTree = "<group>"; };
		F6F97021150A5D4800AA8F40 /* schn_ora_2.png */ = {isa = PBXFileReference; lastKnownFileType = image.png; path = schn_ora_2.png; sourceTree = "<group>"; };
		F6F97022150A5D4800AA8F40 /* schn_ora_2@2x.png */ = {isa = PBXFileReference; lastKnownFileType = image.png; path = "schn_ora_2@2x.png"; sourceTree = "<group>"; };
		F6F97023150A5D4800AA8F40 /* schn_ros_1.png */ = {isa = PBXFileReference; lastKnownFileType = image.png; path = schn_ros_1.png; sourceTree = "<group>"; };
		F6F97024150A5D4800AA8F40 /* schn_ros_1@2x.png */ = {isa = PBXFileReference; lastKnownFileType = image.png; path = "schn_ros_1@2x.png"; sourceTree = "<group>"; };
		F6F97025150A5D4800AA8F40 /* schn_ros_2.png */ = {isa = PBXFileReference; lastKnownFileType = image.png; path = schn_ros_2.png; sourceTree = "<group>"; };
		F6F97026150A5D4800AA8F40 /* schn_ros_2@2x.png */ = {isa = PBXFileReference; lastKnownFileType = image.png; path = "schn_ros_2@2x.png"; sourceTree = "<group>"; };
		F6F97037150A5EBD00AA8F40 /* back.png */ = {isa = PBXFileReference; lastKnownFileType = image.png; path = back.png; sourceTree = "<group>"; };
		F6F97038150A5EBD00AA8F40 /* back@2x.png */ = {isa = PBXFileReference; lastKnownFileType = image.png; path = "back@2x.png"; sourceTree = "<group>"; };
/* End PBXFileReference section */

/* Begin PBXFrameworksBuildPhase section */
		F6F96FF7150A5CAC00AA8F40 /* Frameworks */ = {
			isa = PBXFrameworksBuildPhase;
			buildActionMask = 2147483647;
			files = (
				F6F96FFF150A5CAC00AA8F40 /* UIKit.framework in Frameworks */,
				F6F97001150A5CAC00AA8F40 /* Foundation.framework in Frameworks */,
				F6F97003150A5CAC00AA8F40 /* CoreGraphics.framework in Frameworks */,
			);
			runOnlyForDeploymentPostprocessing = 0;
		};
/* End PBXFrameworksBuildPhase section */

/* Begin PBXGroup section */
		F6D47B9A150A8A2700AD0AFE /* Bilder */ = {
			isa = PBXGroup;
			children = (
				F6D47B9F150BE5DD00AD0AFE /* becher_g.png */,
				F6D47BA0150BE5DD00AD0AFE /* becher_g@2x.png */,
				F6D47BA1150BE5DD00AD0AFE /* becher_l.png */,
				F6D47BA2150BE5DD00AD0AFE /* becher_l@2x.png */,
				F6D47BA3150BE5DD00AD0AFE /* becher_r.png */,
				F6D47BA4150BE5DD00AD0AFE /* becher_r@2x.png */,
				F6F9701B150A5D4800AA8F40 /* schn_blu_1.png */,
				F6F9701C150A5D4800AA8F40 /* schn_blu_1@2x.png */,
				F6F9701D150A5D4800AA8F40 /* schn_blu_2.png */,
				F6F9701E150A5D4800AA8F40 /* schn_blu_2@2x.png */,
				F6F9701F150A5D4800AA8F40 /* schn_ora_1.png */,
				F6F97020150A5D4800AA8F40 /* schn_ora_1@2x.png */,
				F6F97021150A5D4800AA8F40 /* schn_ora_2.png */,
				F6F97022150A5D4800AA8F40 /* schn_ora_2@2x.png */,
				F6F97023150A5D4800AA8F40 /* schn_ros_1.png */,
				F6F97024150A5D4800AA8F40 /* schn_ros_1@2x.png */,
				F6F97025150A5D4800AA8F40 /* schn_ros_2.png */,
				F6F97026150A5D4800AA8F40 /* schn_ros_2@2x.png */,
				F6F97037150A5EBD00AA8F40 /* back.png */,
				F6F97038150A5EBD00AA8F40 /* back@2x.png */,
				F6D47B91150A8A2100AD0AFE /* schn_gre_1.png */,
				F6D47B92150A8A2100AD0AFE /* schn_gre_1@2x.png */,
				F6D47B93150A8A2100AD0AFE /* schn_gre_2.png */,
				F6D47B94150A8A2100AD0AFE /* schn_gre_2@2x.png */,
			);
			name = Bilder;
			sourceTree = "<group>";
		};
		F6F96FEF150A5CAB00AA8F40 = {
			isa = PBXGroup;
			children = (
				F6F97004150A5CAC00AA8F40 /* Schneckenrennen */,
				F6F96FFD150A5CAC00AA8F40 /* Frameworks */,
				F6F96FFB150A5CAC00AA8F40 /* Products */,
				F6D47B9A150A8A2700AD0AFE /* Bilder */,
			);
			sourceTree = "<group>";
		};
		F6F96FFB150A5CAC00AA8F40 /* Products */ = {
			isa = PBXGroup;
			children = (
				F6F96FFA150A5CAC00AA8F40 /* Schneckenrennen.app */,
			);
			name = Products;
			sourceTree = "<group>";
		};
		F6F96FFD150A5CAC00AA8F40 /* Frameworks */ = {
			isa = PBXGroup;
			children = (
				F6F96FFE150A5CAC00AA8F40 /* UIKit.framework */,
				F6F97000150A5CAC00AA8F40 /* Foundation.framework */,
				F6F97002150A5CAC00AA8F40 /* CoreGraphics.framework */,
			);
			name = Frameworks;
			sourceTree = "<group>";
		};
		F6F97004150A5CAC00AA8F40 /* Schneckenrennen */ = {
			isa = PBXGroup;
			children = (
				F6F9700D150A5CAC00AA8F40 /* AppDelegate.h */,
				F6F9700E150A5CAC00AA8F40 /* AppDelegate.m */,
				F6F97010150A5CAC00AA8F40 /* ViewController.h */,
				F6F97011150A5CAC00AA8F40 /* ViewController.m */,
				F6F97013150A5CAC00AA8F40 /* ViewController.xib */,
				F6F97005150A5CAC00AA8F40 /* Supporting Files */,
			);
			path = Schneckenrennen;
			sourceTree = "<group>";
		};
		F6F97005150A5CAC00AA8F40 /* Supporting Files */ = {
			isa = PBXGroup;
			children = (
				F6F97006150A5CAC00AA8F40 /* Schneckenrennen-Info.plist */,
				F6F97007150A5CAC00AA8F40 /* InfoPlist.strings */,
				F6F9700A150A5CAC00AA8F40 /* main.m */,
				F6F9700C150A5CAC00AA8F40 /* Schneckenrennen-Prefix.pch */,
			);
			name = "Supporting Files";
			sourceTree = "<group>";
		};
/* End PBXGroup section */

/* Begin PBXNativeTarget section */
		F6F96FF9150A5CAC00AA8F40 /* Schneckenrennen */ = {
			isa = PBXNativeTarget;
			buildConfigurationList = F6F97018150A5CAC00AA8F40 /* Build configuration list for PBXNativeTarget "Schneckenrennen" */;
			buildPhases = (
				F6F96FF6150A5CAC00AA8F40 /* Sources */,
				F6F96FF7150A5CAC00AA8F40 /* Frameworks */,
				F6F96FF8150A5CAC00AA8F40 /* Resources */,
			);
			buildRules = (
			);
			dependencies = (
			);
			name = Schneckenrennen;
			productName = Schneckenrennen;
			productReference = F6F96FFA150A5CAC00AA8F40 /* Schneckenrennen.app */;
			productType = "com.apple.product-type.application";
		};
/* End PBXNativeTarget section */

/* Begin PBXProject section */
		F6F96FF1150A5CAB00AA8F40 /* Project object */ = {
			isa = PBXProject;
			attributes = {
				LastUpgradeCheck = 0430;
				ORGANIZATIONNAME = "Tobias Bischoff";
			};
			buildConfigurationList = F6F96FF4150A5CAB00AA8F40 /* Build configuration list for PBXProject "Schneckenrennen" */;
			compatibilityVersion = "Xcode 3.2";
			developmentRegion = English;
			hasScannedForEncodings = 0;
			knownRegions = (
				en,
			);
			mainGroup = F6F96FEF150A5CAB00AA8F40;
			productRefGroup = F6F96FFB150A5CAC00AA8F40 /* Products */;
			projectDirPath = "";
			projectRoot = "";
			targets = (
				F6F96FF9150A5CAC00AA8F40 /* Schneckenrennen */,
			);
		};
/* End PBXProject section */

/* Begin PBXResourcesBuildPhase section */
		F6F96FF8150A5CAC00AA8F40 /* Resources */ = {
			isa = PBXResourcesBuildPhase;
			buildActionMask = 2147483647;
			files = (
				F6F97009150A5CAC00AA8F40 /* InfoPlist.strings in Resources */,
				F6F97015150A5CAC00AA8F40 /* ViewController.xib in Resources */,
				F6F97027150A5D4800AA8F40 /* schn_blu_1.png in Resources */,
				F6F97028150A5D4800AA8F40 /* schn_blu_1@2x.png in Resources */,
				F6F97029150A5D4800AA8F40 /* schn_blu_2.png in Resources */,
				F6F9702A150A5D4800AA8F40 /* schn_blu_2@2x.png in Resources */,
				F6F9702B150A5D4800AA8F40 /* schn_ora_1.png in Resources */,
				F6F9702C150A5D4800AA8F40 /* schn_ora_1@2x.png in Resources */,
				F6F9702D150A5D4800AA8F40 /* schn_ora_2.png in Resources */,
				F6F9702E150A5D4800AA8F40 /* schn_ora_2@2x.png in Resources */,
				F6F9702F150A5D4800AA8F40 /* schn_ros_1.png in Resources */,
				F6F97030150A5D4800AA8F40 /* schn_ros_1@2x.png in Resources */,
				F6F97031150A5D4800AA8F40 /* schn_ros_2.png in Resources */,
				F6F97032150A5D4800AA8F40 /* schn_ros_2@2x.png in Resources */,
				F6F97039150A5EBD00AA8F40 /* back.png in Resources */,
				F6F9703A150A5EBD00AA8F40 /* back@2x.png in Resources */,
				F6D47B95150A8A2100AD0AFE /* schn_gre_1.png in Resources */,
				F6D47B96150A8A2100AD0AFE /* schn_gre_1@2x.png in Resources */,
				F6D47B97150A8A2100AD0AFE /* schn_gre_2.png in Resources */,
				F6D47B98150A8A2100AD0AFE /* schn_gre_2@2x.png in Resources */,
				F6D47BA5150BE5DE00AD0AFE /* becher_g.png in Resources */,
				F6D47BA6150BE5DE00AD0AFE /* becher_g@2x.png in Resources */,
				F6D47BA7150BE5DE00AD0AFE /* becher_l.png in Resources */,
				F6D47BA8150BE5DE00AD0AFE /* becher_l@2x.png in Resources */,
				F6D47BA9150BE5DE00AD0AFE /* becher_r.png in Resources */,
				F6D47BAA150BE5DE00AD0AFE /* becher_r@2x.png in Resources */,
			);
			runOnlyForDeploymentPostprocessing = 0;
		};
/* End PBXResourcesBuildPhase section */

/* Begin PBXSourcesBuildPhase section */
		F6F96FF6150A5CAC00AA8F40 /* Sources */ = {
			isa = PBXSourcesBuildPhase;
			buildActionMask = 2147483647;
			files = (
				F6F9700B150A5CAC00AA8F40 /* main.m in Sources */,
				F6F9700F150A5CAC00AA8F40 /* AppDelegate.m in Sources */,
				F6F97012150A5CAC00AA8F40 /* ViewController.m in Sources */,
			);
			runOnlyForDeploymentPostprocessing = 0;
		};
/* End PBXSourcesBuildPhase section */

/* Begin PBXVariantGroup section */
		F6F97007150A5CAC00AA8F40 /* InfoPlist.strings */ = {
			isa = PBXVariantGroup;
			children = (
				F6F97008150A5CAC00AA8F40 /* en */,
			);
			name = InfoPlist.strings;
			sourceTree = "<group>";
		};
		F6F97013150A5CAC00AA8F40 /* ViewController.xib */ = {
			isa = PBXVariantGroup;
			children = (
				F6F97014150A5CAC00AA8F40 /* en */,
			);
			name = ViewController.xib;
			sourceTree = "<group>";
		};
/* End PBXVariantGroup section */

/* Begin XCBuildConfiguration section */
		F6F97016150A5CAC00AA8F40 /* Debug */ = {
			isa = XCBuildConfiguration;
			buildSettings = {
				ALWAYS_SEARCH_USER_PATHS = NO;
				ARCHS = "$(ARCHS_STANDARD_32_BIT)";
				CLANG_ENABLE_OBJC_ARC = YES;
				"CODE_SIGN_IDENTITY[sdk=iphoneos*]" = "iPhone Developer";
				COPY_PHASE_STRIP = NO;
				GCC_C_LANGUAGE_STANDARD = gnu99;
				GCC_DYNAMIC_NO_PIC = NO;
				GCC_OPTIMIZATION_LEVEL = 0;
				GCC_PREPROCESSOR_DEFINITIONS = (
					"DEBUG=1",
					"$(inherited)",
				);
				GCC_SYMBOLS_PRIVATE_EXTERN = NO;
				GCC_VERSION = com.apple.compilers.llvm.clang.1_0;
				GCC_WARN_ABOUT_RETURN_TYPE = YES;
				GCC_WARN_UNINITIALIZED_AUTOS = YES;
				GCC_WARN_UNUSED_VARIABLE = YES;
				IPHONEOS_DEPLOYMENT_TARGET = 5.1;
				SDKROOT = iphoneos;
				TARGETED_DEVICE_FAMILY = 2;
			};
			name = Debug;
		};
		F6F97017150A5CAC00AA8F40 /* Release */ = {
			isa = XCBuildConfiguration;
			buildSettings = {
				ALWAYS_SEARCH_USER_PATHS = NO;
				ARCHS = "$(ARCHS_STANDARD_32_BIT)";
				CLANG_ENABLE_OBJC_ARC = YES;
				"CODE_SIGN_IDENTITY[sdk=iphoneos*]" = "iPhone Developer";
				COPY_PHASE_STRIP = YES;
				GCC_C_LANGUAGE_STANDARD = gnu99;
				GCC_VERSION = com.apple.compilers.llvm.clang.1_0;
				GCC_WARN_ABOUT_RETURN_TYPE = YES;
				GCC_WARN_UNINITIALIZED_AUTOS = YES;
				GCC_WARN_UNUSED_VARIABLE = YES;
				IPHONEOS_DEPLOYMENT_TARGET = 5.1;
				OTHER_CFLAGS = "-DNS_BLOCK_ASSERTIONS=1";
				SDKROOT = iphoneos;
				TARGETED_DEVICE_FAMILY = 2;
				VALIDATE_PRODUCT = YES;
			};
			name = Release;
		};
		F6F97019150A5CAC00AA8F40 /* Debug */ = {
			isa = XCBuildConfiguration;
			buildSettings = {
				GCC_PRECOMPILE_PREFIX_HEADER = YES;
				GCC_PREFIX_HEADER = "Schneckenrennen/Schneckenrennen-Prefix.pch";
				INFOPLIST_FILE = "Schneckenrennen/Schneckenrennen-Info.plist";
				PRODUCT_NAME = "$(TARGET_NAME)";
				WRAPPER_EXTENSION = app;
			};
			name = Debug;
		};
		F6F9701A150A5CAC00AA8F40 /* Release */ = {
			isa = XCBuildConfiguration;
			buildSettings = {
				GCC_PRECOMPILE_PREFIX_HEADER = YES;
				GCC_PREFIX_HEADER = "Schneckenrennen/Schneckenrennen-Prefix.pch";
				INFOPLIST_FILE = "Schneckenrennen/Schneckenrennen-Info.plist";
				PRODUCT_NAME = "$(TARGET_NAME)";
				WRAPPER_EXTENSION = app;
			};
			name = Release;
		};
/* End XCBuildConfiguration section */

/* Begin XCConfigurationList section */
		F6F96FF4150A5CAB00AA8F40 /* Build configuration list for PBXProject "Schneckenrennen" */ = {
			isa = XCConfigurationList;
			buildConfigurations = (
				F6F97016150A5CAC00AA8F40 /* Debug */,
				F6F97017150A5CAC00AA8F40 /* Release */,
			);
			defaultConfigurationIsVisible = 0;
			defaultConfigurationName = Release;
		};
		F6F97018150A5CAC00AA8F40 /* Build configuration list for PBXNativeTarget "Schneckenrennen" */ = {
			isa = XCConfigurationList;
			buildConfigurations = (
				F6F97019150A5CAC00AA8F40 /* Debug */,
				F6F9701A150A5CAC00AA8F40 /* Release */,
			);
			defaultConfigurationIsVisible = 0;
			defaultConfigurationName = Release;
		};
/* End XCConfigurationList section */
	};
	rootObject = F6F96FF1150A5CAB00AA8F40 /* Project object */;
}
