// !$*UTF8*$!
{
	archiveVersion = 1;
	classes = {
	};
	objectVersion = 46;
	objects = {

/* Begin PBXBuildFile section */
		F62533FC151105B800E05C9A /* back.png in Resources */ = {isa = PBXBuildFile; fileRef = F62533FA151105B800E05C9A /* back.png */; };
		F62533FD151105B800E05C9A /* back@2x.png in Resources */ = {isa = PBXBuildFile; fileRef = F62533FB151105B800E05C9A /* back@2x.png */; };
		F6253408151105C400E05C9A /* w_blu_1.png in Resources */ = {isa = PBXBuildFile; fileRef = F62533FE151105C400E05C9A /* w_blu_1.png */; };
		F6253409151105C400E05C9A /* w_blu_1@2x.png in Resources */ = {isa = PBXBuildFile; fileRef = F62533FF151105C400E05C9A /* w_blu_1@2x.png */; };
		F625340A151105C400E05C9A /* w_gre_1.png in Resources */ = {isa = PBXBuildFile; fileRef = F6253400151105C400E05C9A /* w_gre_1.png */; };
		F625340C151105C400E05C9A /* w_neutral_1.png in Resources */ = {isa = PBXBuildFile; fileRef = F6253402151105C400E05C9A /* w_neutral_1.png */; };
		F625340D151105C400E05C9A /* w_neutral_1@2x.png in Resources */ = {isa = PBXBuildFile; fileRef = F6253403151105C400E05C9A /* w_neutral_1@2x.png */; };
		F625340E151105C400E05C9A /* w_ora_1.png in Resources */ = {isa = PBXBuildFile; fileRef = F6253404151105C400E05C9A /* w_ora_1.png */; };
		F625340F151105C400E05C9A /* w_ora_1@2x.png in Resources */ = {isa = PBXBuildFile; fileRef = F6253405151105C400E05C9A /* w_ora_1@2x.png */; };
		F6253410151105C400E05C9A /* w_ros_1.png in Resources */ = {isa = PBXBuildFile; fileRef = F6253406151105C400E05C9A /* w_ros_1.png */; };
		F6253411151105C400E05C9A /* w_ros_1@2x.png in Resources */ = {isa = PBXBuildFile; fileRef = F6253407151105C400E05C9A /* w_ros_1@2x.png */; };
		F625341615124CC400E05C9A /* AVFoundation.framework in Frameworks */ = {isa = PBXBuildFile; fileRef = F625341515124CC300E05C9A /* AVFoundation.framework */; };
		F625341F1512559F00E05C9A /* taetere.mp3 in Resources */ = {isa = PBXBuildFile; fileRef = F625341D1512559F00E05C9A /* taetere.mp3 */; };
		F625342215125D6C00E05C9A /* kids.mp3 in Resources */ = {isa = PBXBuildFile; fileRef = F625342115125D6C00E05C9A /* kids.mp3 */; };
		F625342D15126C6A00E05C9A /* Localizable.strings in Resources */ = {isa = PBXBuildFile; fileRef = F625342F15126C6A00E05C9A /* Localizable.strings */; };
		F625343915126FE400E05C9A /* ManualViewController.m in Sources */ = {isa = PBXBuildFile; fileRef = F625343715126FE400E05C9A /* ManualViewController.m */; };
		F625343D151270F400E05C9A /* help1.png in Resources */ = {isa = PBXBuildFile; fileRef = F625343B151270F400E05C9A /* help1.png */; };
		F625343E151270F400E05C9A /* help1@2x.png in Resources */ = {isa = PBXBuildFile; fileRef = F625343C151270F400E05C9A /* help1@2x.png */; };
		F62534411512731A00E05C9A /* help2.png in Resources */ = {isa = PBXBuildFile; fileRef = F625343F1512731A00E05C9A /* help2.png */; };
		F62534421512731A00E05C9A /* help2@2x.png in Resources */ = {isa = PBXBuildFile; fileRef = F62534401512731A00E05C9A /* help2@2x.png */; };
		F6253445151274A900E05C9A /* formback.png in Resources */ = {isa = PBXBuildFile; fileRef = F6253443151274A900E05C9A /* formback.png */; };
		F6253446151274A900E05C9A /* formback@2x.png in Resources */ = {isa = PBXBuildFile; fileRef = F6253444151274A900E05C9A /* formback@2x.png */; };
		F625344B151278AD00E05C9A /* ManualViewController.xib in Resources */ = {isa = PBXBuildFile; fileRef = F625344D151278AD00E05C9A /* ManualViewController.xib */; };
		F625345015127B1D00E05C9A /* w_gre_1@2x.png in Resources */ = {isa = PBXBuildFile; fileRef = F625344F15127B1D00E05C9A /* w_gre_1@2x.png */; };
		F63B505C15265F1E005A7B47 /* TODO.txt in Resources */ = {isa = PBXBuildFile; fileRef = F63B505B15265F1E005A7B47 /* TODO.txt */; };
		F63B505F15279BEF005A7B47 /* Reggae.mp3 in Resources */ = {isa = PBXBuildFile; fileRef = F63B505E15279BEF005A7B47 /* Reggae.mp3 */; };
		F63B50661528D77E005A7B47 /* wuerfel.mp3 in Resources */ = {isa = PBXBuildFile; fileRef = F63B50651528D77E005A7B47 /* wuerfel.mp3 */; };
		F6ABCCD2152CC93300877092 /* qeek.mp3 in Resources */ = {isa = PBXBuildFile; fileRef = F6ABCCD1152CC93300877092 /* qeek.mp3 */; };
		F6ABCCD6152CC9B800877092 /* WinViewController.m in Sources */ = {isa = PBXBuildFile; fileRef = F6ABCCD4152CC9B800877092 /* WinViewController.m */; };
		F6ABCCDE152CE2F100877092 /* monkeywoo.png in Resources */ = {isa = PBXBuildFile; fileRef = F6ABCCDC152CE2F100877092 /* monkeywoo.png */; };
		F6ABCCDF152CE2F100877092 /* monkeywoo@2x.png in Resources */ = {isa = PBXBuildFile; fileRef = F6ABCCDD152CE2F100877092 /* monkeywoo@2x.png */; };
		F6ABCCE1152CE30000877092 /* monkey.mp3 in Resources */ = {isa = PBXBuildFile; fileRef = F6ABCCE0152CE30000877092 /* monkey.mp3 */; };
		F6ABCCE3152CE62A00877092 /* stonesound.mp3 in Resources */ = {isa = PBXBuildFile; fileRef = F6ABCCE2152CE62A00877092 /* stonesound.mp3 */; };
		F6ABCCE4152CECE300877092 /* WinViewController.xib in Resources */ = {isa = PBXBuildFile; fileRef = F6ABCCE6152CECE300877092 /* WinViewController.xib */; };
		F6BEB58817E993B000450C15 /* Images.xcassets in Resources */ = {isa = PBXBuildFile; fileRef = F6BEB58717E993B000450C15 /* Images.xcassets */; };
		F6C863C815224A9800A5BEA8 /* TBSchnecke.m in Sources */ = {isa = PBXBuildFile; fileRef = F6C863C715224A9800A5BEA8 /* TBSchnecke.m */; };
		F6C863CB15224B6600A5BEA8 /* QuartzCore.framework in Frameworks */ = {isa = PBXBuildFile; fileRef = F6C863CA15224B6600A5BEA8 /* QuartzCore.framework */; };
		F6D47B95150A8A2100AD0AFE /* schn_gre_1.png in Resources */ = {isa = PBXBuildFile; fileRef = F6D47B91150A8A2100AD0AFE /* schn_gre_1.png */; };
		F6D47B96150A8A2100AD0AFE /* schn_gre_1@2x.png in Resources */ = {isa = PBXBuildFile; fileRef = F6D47B92150A8A2100AD0AFE /* schn_gre_1@2x.png */; };
		F6D47B97150A8A2100AD0AFE /* schn_gre_2.png in Resources */ = {isa = PBXBuildFile; fileRef = F6D47B93150A8A2100AD0AFE /* schn_gre_2.png */; };
		F6D47B98150A8A2100AD0AFE /* schn_gre_2@2x.png in Resources */ = {isa = PBXBuildFile; fileRef = F6D47B94150A8A2100AD0AFE /* schn_gre_2@2x.png */; };
		F6D47BA5150BE5DE00AD0AFE /* becher_g.png in Resources */ = {isa = PBXBuildFile; fileRef = F6D47B9F150BE5DD00AD0AFE /* becher_g.png */; };
		F6D47BA6150BE5DE00AD0AFE /* becher_g@2x.png in Resources */ = {isa = PBXBuildFile; fileRef = F6D47BA0150BE5DD00AD0AFE /* becher_g@2x.png */; };
		F6D47BA7150BE5DE00AD0AFE /* becher_l.png in Resources */ = {isa = PBXBuildFile; fileRef = F6D47BA1150BE5DD00AD0AFE /* becher_l.png */; };
		F6D47BA8150BE5DE00AD0AFE /* becher_l@2x.png in Resources */ = {isa = PBXBuildFile; fileRef = F6D47BA2150BE5DD00AD0AFE /* becher_l@2x.png */; };
		F6D47BA9150BE5DE00AD0AFE /* becher_r.png in Resources */ = {isa = PBXBuildFile; fileRef = F6D47BA3150BE5DD00AD0AFE /* becher_r.png */; };
		F6D47BAA150BE5DE00AD0AFE /* becher_r@2x.png in Resources */ = {isa = PBXBuildFile; fileRef = F6D47BA4150BE5DD00AD0AFE /* becher_r@2x.png */; };
		F6F96FFF150A5CAC00AA8F40 /* UIKit.framework in Frameworks */ = {isa = PBXBuildFile; fileRef = F6F96FFE150A5CAC00AA8F40 /* UIKit.framework */; };
		F6F97001150A5CAC00AA8F40 /* Foundation.framework in Frameworks */ = {isa = PBXBuildFile; fileRef = F6F97000150A5CAC00AA8F40 /* Foundation.framework */; };
		F6F97003150A5CAC00AA8F40 /* CoreGraphics.framework in Frameworks */ = {isa = PBXBuildFile; fileRef = F6F97002150A5CAC00AA8F40 /* CoreGraphics.framework */; };
		F6F97009150A5CAC00AA8F40 /* InfoPlist.strings in Resources */ = {isa = PBXBuildFile; fileRef = F6F97007150A5CAC00AA8F40 /* InfoPlist.strings */; };
		F6F9700B150A5CAC00AA8F40 /* main.m in Sources */ = {isa = PBXBuildFile; fileRef = F6F9700A150A5CAC00AA8F40 /* main.m */; };
		F6F9700F150A5CAC00AA8F40 /* AppDelegate.m in Sources */ = {isa = PBXBuildFile; fileRef = F6F9700E150A5CAC00AA8F40 /* AppDelegate.m */; };
		F6F97012150A5CAC00AA8F40 /* ViewController.m in Sources */ = {isa = PBXBuildFile; fileRef = F6F97011150A5CAC00AA8F40 /* ViewController.m */; };
		F6F97015150A5CAC00AA8F40 /* ViewController.xib in Resources */ = {isa = PBXBuildFile; fileRef = F6F97013150A5CAC00AA8F40 /* ViewController.xib */; };
		F6F97027150A5D4800AA8F40 /* schn_blu_1.png in Resources */ = {isa = PBXBuildFile; fileRef = F6F9701B150A5D4800AA8F40 /* schn_blu_1.png */; };
		F6F97028150A5D4800AA8F40 /* schn_blu_1@2x.png in Resources */ = {isa = PBXBuildFile; fileRef = F6F9701C150A5D4800AA8F40 /* schn_blu_1@2x.png */; };
		F6F97029150A5D4800AA8F40 /* schn_blu_2.png in Resources */ = {isa = PBXBuildFile; fileRef = F6F9701D150A5D4800AA8F40 /* schn_blu_2.png */; };
		F6F9702A150A5D4800AA8F40 /* schn_blu_2@2x.png in Resources */ = {isa = PBXBuildFile; fileRef = F6F9701E150A5D4800AA8F40 /* schn_blu_2@2x.png */; };
		F6F9702B150A5D4800AA8F40 /* schn_ora_1.png in Resources */ = {isa = PBXBuildFile; fileRef = F6F9701F150A5D4800AA8F40 /* schn_ora_1.png */; };
		F6F9702C150A5D4800AA8F40 /* schn_ora_1@2x.png in Resources */ = {isa = PBXBuildFile; fileRef = F6F97020150A5D4800AA8F40 /* schn_ora_1@2x.png */; };
		F6F9702D150A5D4800AA8F40 /* schn_ora_2.png in Resources */ = {isa = PBXBuildFile; fileRef = F6F97021150A5D4800AA8F40 /* schn_ora_2.png */; };
		F6F9702E150A5D4800AA8F40 /* schn_ora_2@2x.png in Resources */ = {isa = PBXBuildFile; fileRef = F6F97022150A5D4800AA8F40 /* schn_ora_2@2x.png */; };
		F6F9702F150A5D4800AA8F40 /* schn_ros_1.png in Resources */ = {isa = PBXBuildFile; fileRef = F6F97023150A5D4800AA8F40 /* schn_ros_1.png */; };
		F6F97030150A5D4800AA8F40 /* schn_ros_1@2x.png in Resources */ = {isa = PBXBuildFile; fileRef = F6F97024150A5D4800AA8F40 /* schn_ros_1@2x.png */; };
		F6F97031150A5D4800AA8F40 /* schn_ros_2.png in Resources */ = {isa = PBXBuildFile; fileRef = F6F97025150A5D4800AA8F40 /* schn_ros_2.png */; };
		F6F97032150A5D4800AA8F40 /* schn_ros_2@2x.png in Resources */ = {isa = PBXBuildFile; fileRef = F6F97026150A5D4800AA8F40 /* schn_ros_2@2x.png */; };
/* End PBXBuildFile section */

/* Begin PBXFileReference section */
		F62533FA151105B800E05C9A /* back.png */ = {isa = PBXFileReference; lastKnownFileType = image.png; path = back.png; sourceTree = "<group>"; };
		F62533FB151105B800E05C9A /* back@2x.png */ = {isa = PBXFileReference; lastKnownFileType = image.png; path = "back@2x.png"; sourceTree = "<group>"; };
		F62533FE151105C400E05C9A /* w_blu_1.png */ = {isa = PBXFileReference; lastKnownFileType = image.png; path = w_blu_1.png; sourceTree = "<group>"; };
		F62533FF151105C400E05C9A /* w_blu_1@2x.png */ = {isa = PBXFileReference; lastKnownFileType = image.png; path = "w_blu_1@2x.png"; sourceTree = "<group>"; };
		F6253400151105C400E05C9A /* w_gre_1.png */ = {isa = PBXFileReference; lastKnownFileType = image.png; path = w_gre_1.png; sourceTree = "<group>"; };
		F6253402151105C400E05C9A /* w_neutral_1.png */ = {isa = PBXFileReference; lastKnownFileType = image.png; path = w_neutral_1.png; sourceTree = "<group>"; };
		F6253403151105C400E05C9A /* w_neutral_1@2x.png */ = {isa = PBXFileReference; lastKnownFileType = image.png; path = "w_neutral_1@2x.png"; sourceTree = "<group>"; };
		F6253404151105C400E05C9A /* w_ora_1.png */ = {isa = PBXFileReference; lastKnownFileType = image.png; path = w_ora_1.png; sourceTree = "<group>"; };
		F6253405151105C400E05C9A /* w_ora_1@2x.png */ = {isa = PBXFileReference; lastKnownFileType = image.png; path = "w_ora_1@2x.png"; sourceTree = "<group>"; };
		F6253406151105C400E05C9A /* w_ros_1.png */ = {isa = PBXFileReference; lastKnownFileType = image.png; path = w_ros_1.png; sourceTree = "<group>"; };
		F6253407151105C400E05C9A /* w_ros_1@2x.png */ = {isa = PBXFileReference; lastKnownFileType = image.png; path = "w_ros_1@2x.png"; sourceTree = "<group>"; };
		F625341515124CC300E05C9A /* AVFoundation.framework */ = {isa = PBXFileReference; lastKnownFileType = wrapper.framework; name = AVFoundation.framework; path = System/Library/Frameworks/AVFoundation.framework; sourceTree = SDKROOT; };
		F625341D1512559F00E05C9A /* taetere.mp3 */ = {isa = PBXFileReference; lastKnownFileType = audio.mp3; path = taetere.mp3; sourceTree = "<group>"; };
		F625342115125D6C00E05C9A /* kids.mp3 */ = {isa = PBXFileReference; lastKnownFileType = audio.mp3; path = kids.mp3; sourceTree = "<group>"; };
		F625342E15126C6A00E05C9A /* en */ = {isa = PBXFileReference; lastKnownFileType = text.plist.strings; name = en; path = en.lproj/Localizable.strings; sourceTree = "<group>"; };
		F625343015126C7900E05C9A /* de */ = {isa = PBXFileReference; lastKnownFileType = text.plist.strings; name = de; path = de.lproj/Localizable.strings; sourceTree = "<group>"; };
		F625343415126E0C00E05C9A /* Schneckenrennen-Info.plist */ = {isa = PBXFileReference; lastKnownFileType = text.plist.xml; path = "Schneckenrennen-Info.plist"; sourceTree = "<group>"; };
		F625343515126E4700E05C9A /* de */ = {isa = PBXFileReference; lastKnownFileType = text.plist.strings; name = de; path = de.lproj/InfoPlist.strings; sourceTree = "<group>"; };
		F625343615126FE400E05C9A /* ManualViewController.h */ = {isa = PBXFileReference; fileEncoding = 4; lastKnownFileType = sourcecode.c.h; name = ManualViewController.h; path = ../ManualViewController.h; sourceTree = "<group>"; };
		F625343715126FE400E05C9A /* ManualViewController.m */ = {isa = PBXFileReference; fileEncoding = 4; lastKnownFileType = sourcecode.c.objc; name = ManualViewController.m; path = ../ManualViewController.m; sourceTree = "<group>"; };
		F625343B151270F400E05C9A /* help1.png */ = {isa = PBXFileReference; lastKnownFileType = image.png; path = help1.png; sourceTree = "<group>"; };
		F625343C151270F400E05C9A /* help1@2x.png */ = {isa = PBXFileReference; lastKnownFileType = image.png; path = "help1@2x.png"; sourceTree = "<group>"; };
		F625343F1512731A00E05C9A /* help2.png */ = {isa = PBXFileReference; lastKnownFileType = image.png; path = help2.png; sourceTree = "<group>"; };
		F62534401512731A00E05C9A /* help2@2x.png */ = {isa = PBXFileReference; lastKnownFileType = image.png; path = "help2@2x.png"; sourceTree = "<group>"; };
		F6253443151274A900E05C9A /* formback.png */ = {isa = PBXFileReference; lastKnownFileType = image.png; path = formback.png; sourceTree = "<group>"; };
		F6253444151274A900E05C9A /* formback@2x.png */ = {isa = PBXFileReference; lastKnownFileType = image.png; path = "formback@2x.png"; sourceTree = "<group>"; };
		F625344C151278AD00E05C9A /* en */ = {isa = PBXFileReference; lastKnownFileType = file.xib; name = en; path = en.lproj/ManualViewController.xib; sourceTree = "<group>"; };
		F625344E151278B300E05C9A /* de */ = {isa = PBXFileReference; lastKnownFileType = file.xib; name = de; path = de.lproj/ManualViewController.xib; sourceTree = "<group>"; };
		F625344F15127B1D00E05C9A /* w_gre_1@2x.png */ = {isa = PBXFileReference; lastKnownFileType = image.png; path = "w_gre_1@2x.png"; sourceTree = "<group>"; };
		F63B505B15265F1E005A7B47 /* TODO.txt */ = {isa = PBXFileReference; fileEncoding = 4; lastKnownFileType = text; path = TODO.txt; sourceTree = "<group>"; };
		F63B505E15279BEF005A7B47 /* Reggae.mp3 */ = {isa = PBXFileReference; lastKnownFileType = audio.mp3; path = Reggae.mp3; sourceTree = "<group>"; };
		F63B50651528D77E005A7B47 /* wuerfel.mp3 */ = {isa = PBXFileReference; lastKnownFileType = audio.mp3; path = wuerfel.mp3; sourceTree = "<group>"; };
		F6A1541D15B2CBF4004247D9 /* zh-Hans */ = {isa = PBXFileReference; lastKnownFileType = text.plist.strings; name = "zh-Hans"; path = "zh-Hans.lproj/Localizable.strings"; sourceTree = "<group>"; };
		F6A1541E15B2CBF4004247D9 /* zh-Hans */ = {isa = PBXFileReference; lastKnownFileType = file.xib; name = "zh-Hans"; path = "zh-Hans.lproj/ViewController.xib"; sourceTree = "<group>"; };
		F6A1541F15B2CBF4004247D9 /* zh-Hans */ = {isa = PBXFileReference; fileEncoding = 10; lastKnownFileType = text.plist.strings; name = "zh-Hans"; path = "zh-Hans.lproj/InfoPlist.strings"; sourceTree = "<group>"; };
		F6A1542115B2CBF4004247D9 /* zh-Hans */ = {isa = PBXFileReference; lastKnownFileType = file.xib; name = "zh-Hans"; path = "zh-Hans.lproj/WinViewController.xib"; sourceTree = "<group>"; };
		F6A1542215B2CBF4004247D9 /* zh-Hans */ = {isa = PBXFileReference; lastKnownFileType = file.xib; name = "zh-Hans"; path = "zh-Hans.lproj/ManualViewController.xib"; sourceTree = "<group>"; };
		F6ABCCD1152CC93300877092 /* qeek.mp3 */ = {isa = PBXFileReference; lastKnownFileType = audio.mp3; path = qeek.mp3; sourceTree = "<group>"; };
		F6ABCCD3152CC9B800877092 /* WinViewController.h */ = {isa = PBXFileReference; fileEncoding = 4; lastKnownFileType = sourcecode.c.h; name = WinViewController.h; path = ../WinViewController.h; sourceTree = "<group>"; };
		F6ABCCD4152CC9B800877092 /* WinViewController.m */ = {isa = PBXFileReference; fileEncoding = 4; lastKnownFileType = sourcecode.c.objc; name = WinViewController.m; path = ../WinViewController.m; sourceTree = "<group>"; };
		F6ABCCDC152CE2F100877092 /* monkeywoo.png */ = {isa = PBXFileReference; lastKnownFileType = image.png; path = monkeywoo.png; sourceTree = "<group>"; };
		F6ABCCDD152CE2F100877092 /* monkeywoo@2x.png */ = {isa = PBXFileReference; lastKnownFileType = image.png; path = "monkeywoo@2x.png"; sourceTree = "<group>"; };
		F6ABCCE0152CE30000877092 /* monkey.mp3 */ = {isa = PBXFileReference; lastKnownFileType = audio.mp3; path = monkey.mp3; sourceTree = "<group>"; };
		F6ABCCE2152CE62A00877092 /* stonesound.mp3 */ = {isa = PBXFileReference; lastKnownFileType = audio.mp3; path = stonesound.mp3; sourceTree = "<group>"; };
		F6ABCCE5152CECE300877092 /* en */ = {isa = PBXFileReference; lastKnownFileType = file.xib; name = en; path = en.lproj/WinViewController.xib; sourceTree = "<group>"; };
		F6ABCCE7152CECEA00877092 /* de */ = {isa = PBXFileReference; lastKnownFileType = file.xib; name = de; path = de.lproj/WinViewController.xib; sourceTree = "<group>"; };
		F6BEB58717E993B000450C15 /* Images.xcassets */ = {isa = PBXFileReference; lastKnownFileType = folder.assetcatalog; path = Images.xcassets; sourceTree = "<group>"; };
		F6C863C615224A9800A5BEA8 /* TBSchnecke.h */ = {isa = PBXFileReference; fileEncoding = 4; lastKnownFileType = sourcecode.c.h; name = TBSchnecke.h; path = ../TBSchnecke.h; sourceTree = "<group>"; };
		F6C863C715224A9800A5BEA8 /* TBSchnecke.m */ = {isa = PBXFileReference; fileEncoding = 4; lastKnownFileType = sourcecode.c.objc; name = TBSchnecke.m; path = ../TBSchnecke.m; sourceTree = "<group>"; };
		F6C863CA15224B6600A5BEA8 /* QuartzCore.framework */ = {isa = PBXFileReference; lastKnownFileType = wrapper.framework; name = QuartzCore.framework; path = System/Library/Frameworks/QuartzCore.framework; sourceTree = SDKROOT; };
		F6D47B91150A8A2100AD0AFE /* schn_gre_1.png */ = {isa = PBXFileReference; lastKnownFileType = image.png; path = schn_gre_1.png; sourceTree = "<group>"; };
		F6D47B92150A8A2100AD0AFE /* schn_gre_1@2x.png */ = {isa = PBXFileReference; lastKnownFileType = image.png; path = "schn_gre_1@2x.png"; sourceTree = "<group>"; };
		F6D47B93150A8A2100AD0AFE /* schn_gre_2.png */ = {isa = PBXFileReference; lastKnownFileType = image.png; path = schn_gre_2.png; sourceTree = "<group>"; };
		F6D47B94150A8A2100AD0AFE /* schn_gre_2@2x.png */ = {isa = PBXFileReference; lastKnownFileType = image.png; path = "schn_gre_2@2x.png"; sourceTree = "<group>"; };
		F6D47B9F150BE5DD00AD0AFE /* becher_g.png */ = {isa = PBXFileReference; lastKnownFileType = image.png; path = becher_g.png; sourceTree = "<group>"; };
		F6D47BA0150BE5DD00AD0AFE /* becher_g@2x.png */ = {isa = PBXFileReference; lastKnownFileType = image.png; path = "becher_g@2x.png"; sourceTree = "<group>"; };
		F6D47BA1150BE5DD00AD0AFE /* becher_l.png */ = {isa = PBXFileReference; lastKnownFileType = image.png; path = becher_l.png; sourceTree = "<group>"; };
		F6D47BA2150BE5DD00AD0AFE /* becher_l@2x.png */ = {isa = PBXFileReference; lastKnownFileType = image.png; path = "becher_l@2x.png"; sourceTree = "<group>"; };
		F6D47BA3150BE5DD00AD0AFE /* becher_r.png */ = {isa = PBXFileReference; lastKnownFileType = image.png; path = becher_r.png; sourceTree = "<group>"; };
		F6D47BA4150BE5DD00AD0AFE /* becher_r@2x.png */ = {isa = PBXFileReference; lastKnownFileType = image.png; path = "becher_r@2x.png"; sourceTree = "<group>"; };
		F6F96FFA150A5CAC00AA8F40 /* Schneckenrennen.app */ = {isa = PBXFileReference; explicitFileType = wrapper.application; includeInIndex = 0; path = Schneckenrennen.app; sourceTree = BUILT_PRODUCTS_DIR; };
		F6F96FFE150A5CAC00AA8F40 /* UIKit.framework */ = {isa = PBXFileReference; lastKnownFileType = wrapper.framework; name = UIKit.framework; path = System/Library/Frameworks/UIKit.framework; sourceTree = SDKROOT; };
		F6F97000150A5CAC00AA8F40 /* Foundation.framework */ = {isa = PBXFileReference; lastKnownFileType = wrapper.framework; name = Foundation.framework; path = System/Library/Frameworks/Foundation.framework; sourceTree = SDKROOT; };
		F6F97002150A5CAC00AA8F40 /* CoreGraphics.framework */ = {isa = PBXFileReference; lastKnownFileType = wrapper.framework; name = CoreGraphics.framework; path = System/Library/Frameworks/CoreGraphics.framework; sourceTree = SDKROOT; };
		F6F97008150A5CAC00AA8F40 /* en */ = {isa = PBXFileReference; lastKnownFileType = text.plist.strings; name = en; path = en.lproj/InfoPlist.strings; sourceTree = "<group>"; };
		F6F9700A150A5CAC00AA8F40 /* main.m */ = {isa = PBXFileReference; lastKnownFileType = sourcecode.c.objc; path = main.m; sourceTree = "<group>"; };
		F6F9700C150A5CAC00AA8F40 /* Schneckenrennen-Prefix.pch */ = {isa = PBXFileReference; lastKnownFileType = sourcecode.c.h; path = "Schneckenrennen-Prefix.pch"; sourceTree = "<group>"; };
		F6F9700D150A5CAC00AA8F40 /* AppDelegate.h */ = {isa = PBXFileReference; lastKnownFileType = sourcecode.c.h; path = AppDelegate.h; sourceTree = "<group>"; };
		F6F9700E150A5CAC00AA8F40 /* AppDelegate.m */ = {isa = PBXFileReference; lastKnownFileType = sourcecode.c.objc; path = AppDelegate.m; sourceTree = "<group>"; };
		F6F97010150A5CAC00AA8F40 /* ViewController.h */ = {isa = PBXFileReference; lastKnownFileType = sourcecode.c.h; path = ViewController.h; sourceTree = "<group>"; };
		F6F97011150A5CAC00AA8F40 /* ViewController.m */ = {isa = PBXFileReference; lastKnownFileType = sourcecode.c.objc; path = ViewController.m; sourceTree = "<group>"; };
		F6F97014150A5CAC00AA8F40 /* en */ = {isa = PBXFileReference; lastKnownFileType = file.xib; name = en; path = en.lproj/ViewController.xib; sourceTree = "<group>"; };
		F6F9701B150A5D4800AA8F40 /* schn_blu_1.png */ = {isa = PBXFileReference; lastKnownFileType = image.png; path = schn_blu_1.png; sourceTree = "<group>"; };
		F6F9701C150A5D4800AA8F40 /* schn_blu_1@2x.png */ = {isa = PBXFileReference; lastKnownFileType = image.png; path = "schn_blu_1@2x.png"; sourceTree = "<group>"; };
		F6F9701D150A5D4800AA8F40 /* schn_blu_2.png */ = {isa = PBXFileReference; lastKnownFileType = image.png; path = schn_blu_2.png; sourceTree = "<group>"; };
		F6F9701E150A5D4800AA8F40 /* schn_blu_2@2x.png */ = {isa = PBXFileReference; lastKnownFileType = image.png; path = "schn_blu_2@2x.png"; sourceTree = "<group>"; };
		F6F9701F150A5D4800AA8F40 /* schn_ora_1.png */ = {isa = PBXFileReference; lastKnownFileType = image.png; path = schn_ora_1.png; sourceTree = "<group>"; };
		F6F97020150A5D4800AA8F40 /* schn_ora_1@2x.png */ = {isa = PBXFileReference; lastKnownFileType = image.png; path = "schn_ora_1@2x.png"; sourceTree = "<group>"; };
		F6F97021150A5D4800AA8F40 /* schn_ora_2.png */ = {isa = PBXFileReference; lastKnownFileType = image.png; path = schn_ora_2.png; sourceTree = "<group>"; };
		F6F97022150A5D4800AA8F40 /* schn_ora_2@2x.png */ = {isa = PBXFileReference; lastKnownFileType = image.png; path = "schn_ora_2@2x.png"; sourceTree = "<group>"; };
		F6F97023150A5D4800AA8F40 /* schn_ros_1.png */ = {isa = PBXFileReference; lastKnownFileType = image.png; path = schn_ros_1.png; sourceTree = "<group>"; };
		F6F97024150A5D4800AA8F40 /* schn_ros_1@2x.png */ = {isa = PBXFileReference; lastKnownFileType = image.png; path = "schn_ros_1@2x.png"; sourceTree = "<group>"; };
		F6F97025150A5D4800AA8F40 /* schn_ros_2.png */ = {isa = PBXFileReference; lastKnownFileType = image.png; path = schn_ros_2.png; sourceTree = "<group>"; };
		F6F97026150A5D4800AA8F40 /* schn_ros_2@2x.png */ = {isa = PBXFileReference; lastKnownFileType = image.png; path = "schn_ros_2@2x.png"; sourceTree = "<group>"; };
/* End PBXFileReference section */

/* Begin PBXFrameworksBuildPhase section */
		F6F96FF7150A5CAC00AA8F40 /* Frameworks */ = {
			isa = PBXFrameworksBuildPhase;
			buildActionMask = 2147483647;
			files = (
				F6C863CB15224B6600A5BEA8 /* QuartzCore.framework in Frameworks */,
				F625341615124CC400E05C9A /* AVFoundation.framework in Frameworks */,
				F6F96FFF150A5CAC00AA8F40 /* UIKit.framework in Frameworks */,
				F6F97001150A5CAC00AA8F40 /* Foundation.framework in Frameworks */,
				F6F97003150A5CAC00AA8F40 /* CoreGraphics.framework in Frameworks */,
			);
			runOnlyForDeploymentPostprocessing = 0;
		};
/* End PBXFrameworksBuildPhase section */

/* Begin PBXGroup section */
		F625341415124BF700E05C9A /* Sounds */ = {
			isa = PBXGroup;
			children = (
				F6ABCCD1152CC93300877092 /* qeek.mp3 */,
				F6ABCCE0152CE30000877092 /* monkey.mp3 */,
				F6ABCCE2152CE62A00877092 /* stonesound.mp3 */,
				F63B50651528D77E005A7B47 /* wuerfel.mp3 */,
				F625341D1512559F00E05C9A /* taetere.mp3 */,
				F63B505E15279BEF005A7B47 /* Reggae.mp3 */,
				F625342115125D6C00E05C9A /* kids.mp3 */,
			);
			name = Sounds;
			sourceTree = "<group>";
		};
		F6D47B9A150A8A2700AD0AFE /* Bilder */ = {
			isa = PBXGroup;
			children = (
				F6ABCCDC152CE2F100877092 /* monkeywoo.png */,
				F6ABCCDD152CE2F100877092 /* monkeywoo@2x.png */,
				F6253443151274A900E05C9A /* formback.png */,
				F6253444151274A900E05C9A /* formback@2x.png */,
				F625343F1512731A00E05C9A /* help2.png */,
				F62534401512731A00E05C9A /* help2@2x.png */,
				F625343B151270F400E05C9A /* help1.png */,
				F625343C151270F400E05C9A /* help1@2x.png */,
				F62533FA151105B800E05C9A /* back.png */,
				F62533FB151105B800E05C9A /* back@2x.png */,
				F6D47B9F150BE5DD00AD0AFE /* becher_g.png */,
				F6D47BA0150BE5DD00AD0AFE /* becher_g@2x.png */,
				F6D47BA1150BE5DD00AD0AFE /* becher_l.png */,
				F6D47BA2150BE5DD00AD0AFE /* becher_l@2x.png */,
				F6D47BA3150BE5DD00AD0AFE /* becher_r.png */,
				F6D47BA4150BE5DD00AD0AFE /* becher_r@2x.png */,
				F6F9701B150A5D4800AA8F40 /* schn_blu_1.png */,
				F6F9701C150A5D4800AA8F40 /* schn_blu_1@2x.png */,
				F6F9701D150A5D4800AA8F40 /* schn_blu_2.png */,
				F6F9701E150A5D4800AA8F40 /* schn_blu_2@2x.png */,
				F6F9701F150A5D4800AA8F40 /* schn_ora_1.png */,
				F6F97020150A5D4800AA8F40 /* schn_ora_1@2x.png */,
				F6F97021150A5D4800AA8F40 /* schn_ora_2.png */,
				F625344F15127B1D00E05C9A /* w_gre_1@2x.png */,
				F6F97022150A5D4800AA8F40 /* schn_ora_2@2x.png */,
				F6F97023150A5D4800AA8F40 /* schn_ros_1.png */,
				F6F97024150A5D4800AA8F40 /* schn_ros_1@2x.png */,
				F6F97025150A5D4800AA8F40 /* schn_ros_2.png */,
				F6F97026150A5D4800AA8F40 /* schn_ros_2@2x.png */,
				F6D47B91150A8A2100AD0AFE /* schn_gre_1.png */,
				F6D47B92150A8A2100AD0AFE /* schn_gre_1@2x.png */,
				F6D47B93150A8A2100AD0AFE /* schn_gre_2.png */,
				F6D47B94150A8A2100AD0AFE /* schn_gre_2@2x.png */,
				F62533FE151105C400E05C9A /* w_blu_1.png */,
				F62533FF151105C400E05C9A /* w_blu_1@2x.png */,
				F6253400151105C400E05C9A /* w_gre_1.png */,
				F6253402151105C400E05C9A /* w_neutral_1.png */,
				F6253403151105C400E05C9A /* w_neutral_1@2x.png */,
				F6253404151105C400E05C9A /* w_ora_1.png */,
				F6253405151105C400E05C9A /* w_ora_1@2x.png */,
				F6253406151105C400E05C9A /* w_ros_1.png */,
				F6253407151105C400E05C9A /* w_ros_1@2x.png */,
			);
			name = Bilder;
			sourceTree = "<group>";
		};
		F6F96FEF150A5CAB00AA8F40 = {
			isa = PBXGroup;
			children = (
				F63B505B15265F1E005A7B47 /* TODO.txt */,
				F625341415124BF700E05C9A /* Sounds */,
				F6F97004150A5CAC00AA8F40 /* Schneckenrennen */,
				F6F96FFD150A5CAC00AA8F40 /* Frameworks */,
				F6F96FFB150A5CAC00AA8F40 /* Products */,
				F6D47B9A150A8A2700AD0AFE /* Bilder */,
			);
			sourceTree = "<group>";
		};
		F6F96FFB150A5CAC00AA8F40 /* Products */ = {
			isa = PBXGroup;
			children = (
				F6F96FFA150A5CAC00AA8F40 /* Schneckenrennen.app */,
			);
			name = Products;
			sourceTree = "<group>";
		};
		F6F96FFD150A5CAC00AA8F40 /* Frameworks */ = {
			isa = PBXGroup;
			children = (
				F6C863CA15224B6600A5BEA8 /* QuartzCore.framework */,
				F625341515124CC300E05C9A /* AVFoundation.framework */,
				F6F96FFE150A5CAC00AA8F40 /* UIKit.framework */,
				F6F97000150A5CAC00AA8F40 /* Foundation.framework */,
				F6F97002150A5CAC00AA8F40 /* CoreGraphics.framework */,
			);
			name = Frameworks;
			sourceTree = "<group>";
		};
		F6F97004150A5CAC00AA8F40 /* Schneckenrennen */ = {
			isa = PBXGroup;
			children = (
				F6ABCCD3152CC9B800877092 /* WinViewController.h */,
				F6ABCCD4152CC9B800877092 /* WinViewController.m */,
				F6ABCCE6152CECE300877092 /* WinViewController.xib */,
				F6C863C615224A9800A5BEA8 /* TBSchnecke.h */,
				F6C863C715224A9800A5BEA8 /* TBSchnecke.m */,
				F625343615126FE400E05C9A /* ManualViewController.h */,
				F625343715126FE400E05C9A /* ManualViewController.m */,
				F625344D151278AD00E05C9A /* ManualViewController.xib */,
				F625342F15126C6A00E05C9A /* Localizable.strings */,
				F6F9700D150A5CAC00AA8F40 /* AppDelegate.h */,
				F6F9700E150A5CAC00AA8F40 /* AppDelegate.m */,
				F6F97010150A5CAC00AA8F40 /* ViewController.h */,
				F6F97011150A5CAC00AA8F40 /* ViewController.m */,
				F6F97013150A5CAC00AA8F40 /* ViewController.xib */,
				F6BEB58717E993B000450C15 /* Images.xcassets */,
				F6F97005150A5CAC00AA8F40 /* Supporting Files */,
			);
			path = Schneckenrennen;
			sourceTree = "<group>";
		};
		F6F97005150A5CAC00AA8F40 /* Supporting Files */ = {
			isa = PBXGroup;
			children = (
				F625343415126E0C00E05C9A /* Schneckenrennen-Info.plist */,
				F6F97007150A5CAC00AA8F40 /* InfoPlist.strings */,
				F6F9700A150A5CAC00AA8F40 /* main.m */,
				F6F9700C150A5CAC00AA8F40 /* Schneckenrennen-Prefix.pch */,
			);
			name = "Supporting Files";
			sourceTree = "<group>";
		};
/* End PBXGroup section */

/* Begin PBXNativeTarget section */
		F6F96FF9150A5CAC00AA8F40 /* Schneckenrennen */ = {
			isa = PBXNativeTarget;
			buildConfigurationList = F6F97018150A5CAC00AA8F40 /* Build configuration list for PBXNativeTarget "Schneckenrennen" */;
			buildPhases = (
				F6F96FF6150A5CAC00AA8F40 /* Sources */,
				F6F96FF7150A5CAC00AA8F40 /* Frameworks */,
				F6F96FF8150A5CAC00AA8F40 /* Resources */,
			);
			buildRules = (
			);
			dependencies = (
			);
			name = Schneckenrennen;
			productName = Schneckenrennen;
			productReference = F6F96FFA150A5CAC00AA8F40 /* Schneckenrennen.app */;
			productType = "com.apple.product-type.application";
		};
/* End PBXNativeTarget section */

/* Begin PBXProject section */
		F6F96FF1150A5CAB00AA8F40 /* Project object */ = {
			isa = PBXProject;
			attributes = {
				LastUpgradeCheck = 0430;
				ORGANIZATIONNAME = "Tobias Bischoff";
			};
			buildConfigurationList = F6F96FF4150A5CAB00AA8F40 /* Build configuration list for PBXProject "Schneckenrennen" */;
			compatibilityVersion = "Xcode 3.2";
			developmentRegion = English;
			hasScannedForEncodings = 0;
			knownRegions = (
				en,
				de,
			);
			mainGroup = F6F96FEF150A5CAB00AA8F40;
			productRefGroup = F6F96FFB150A5CAC00AA8F40 /* Products */;
			projectDirPath = "";
			projectRoot = "";
			targets = (
				F6F96FF9150A5CAC00AA8F40 /* Schneckenrennen */,
			);
		};
/* End PBXProject section */

/* Begin PBXResourcesBuildPhase section */
		F6F96FF8150A5CAC00AA8F40 /* Resources */ = {
			isa = PBXResourcesBuildPhase;
			buildActionMask = 2147483647;
			files = (
				F6F97009150A5CAC00AA8F40 /* InfoPlist.strings in Resources */,
				F6F97015150A5CAC00AA8F40 /* ViewController.xib in Resources */,
				F6F97027150A5D4800AA8F40 /* schn_blu_1.png in Resources */,
				F6F97028150A5D4800AA8F40 /* schn_blu_1@2x.png in Resources */,
				F6F97029150A5D4800AA8F40 /* schn_blu_2.png in Resources */,
				F6F9702A150A5D4800AA8F40 /* schn_blu_2@2x.png in Resources */,
				F6F9702B150A5D4800AA8F40 /* schn_ora_1.png in Resources */,
				F6F9702C150A5D4800AA8F40 /* schn_ora_1@2x.png in Resources */,
				F6F9702D150A5D4800AA8F40 /* schn_ora_2.png in Resources */,
				F6F9702E150A5D4800AA8F40 /* schn_ora_2@2x.png in Resources */,
				F6F9702F150A5D4800AA8F40 /* schn_ros_1.png in Resources */,
				F6F97030150A5D4800AA8F40 /* schn_ros_1@2x.png in Resources */,
				F6F97031150A5D4800AA8F40 /* schn_ros_2.png in Resources */,
				F6F97032150A5D4800AA8F40 /* schn_ros_2@2x.png in Resources */,
				F6D47B95150A8A2100AD0AFE /* schn_gre_1.png in Resources */,
				F6D47B96150A8A2100AD0AFE /* schn_gre_1@2x.png in Resources */,
				F6D47B97150A8A2100AD0AFE /* schn_gre_2.png in Resources */,
				F6D47B98150A8A2100AD0AFE /* schn_gre_2@2x.png in Resources */,
				F6D47BA5150BE5DE00AD0AFE /* becher_g.png in Resources */,
				F6D47BA6150BE5DE00AD0AFE /* becher_g@2x.png in Resources */,
				F6D47BA7150BE5DE00AD0AFE /* becher_l.png in Resources */,
				F6BEB58817E993B000450C15 /* Images.xcassets in Resources */,
				F6D47BA8150BE5DE00AD0AFE /* becher_l@2x.png in Resources */,
				F6D47BA9150BE5DE00AD0AFE /* becher_r.png in Resources */,
				F6D47BAA150BE5DE00AD0AFE /* becher_r@2x.png in Resources */,
				F62533FC151105B800E05C9A /* back.png in Resources */,
				F62533FD151105B800E05C9A /* back@2x.png in Resources */,
				F6253408151105C400E05C9A /* w_blu_1.png in Resources */,
				F6253409151105C400E05C9A /* w_blu_1@2x.png in Resources */,
				F625340A151105C400E05C9A /* w_gre_1.png in Resources */,
				F625340C151105C400E05C9A /* w_neutral_1.png in Resources */,
				F625340D151105C400E05C9A /* w_neutral_1@2x.png in Resources */,
				F625340E151105C400E05C9A /* w_ora_1.png in Resources */,
				F625340F151105C400E05C9A /* w_ora_1@2x.png in Resources */,
				F6253410151105C400E05C9A /* w_ros_1.png in Resources */,
				F6253411151105C400E05C9A /* w_ros_1@2x.png in Resources */,
				F625341F1512559F00E05C9A /* taetere.mp3 in Resources */,
				F625342215125D6C00E05C9A /* kids.mp3 in Resources */,
				F625342D15126C6A00E05C9A /* Localizable.strings in Resources */,
				F625344B151278AD00E05C9A /* ManualViewController.xib in Resources */,
				F625343D151270F400E05C9A /* help1.png in Resources */,
				F625343E151270F400E05C9A /* help1@2x.png in Resources */,
				F62534411512731A00E05C9A /* help2.png in Resources */,
				F62534421512731A00E05C9A /* help2@2x.png in Resources */,
				F6253445151274A900E05C9A /* formback.png in Resources */,
				F6253446151274A900E05C9A /* formback@2x.png in Resources */,
				F625345015127B1D00E05C9A /* w_gre_1@2x.png in Resources */,
				F63B505C15265F1E005A7B47 /* TODO.txt in Resources */,
				F63B505F15279BEF005A7B47 /* Reggae.mp3 in Resources */,
				F63B50661528D77E005A7B47 /* wuerfel.mp3 in Resources */,
				F6ABCCD2152CC93300877092 /* qeek.mp3 in Resources */,
				F6ABCCE4152CECE300877092 /* WinViewController.xib in Resources */,
				F6ABCCDE152CE2F100877092 /* monkeywoo.png in Resources */,
				F6ABCCDF152CE2F100877092 /* monkeywoo@2x.png in Resources */,
				F6ABCCE1152CE30000877092 /* monkey.mp3 in Resources */,
				F6ABCCE3152CE62A00877092 /* stonesound.mp3 in Resources */,
			);
			runOnlyForDeploymentPostprocessing = 0;
		};
/* End PBXResourcesBuildPhase section */

/* Begin PBXSourcesBuildPhase section */
		F6F96FF6150A5CAC00AA8F40 /* Sources */ = {
			isa = PBXSourcesBuildPhase;
			buildActionMask = 2147483647;
			files = (
				F6F9700B150A5CAC00AA8F40 /* main.m in Sources */,
				F6F9700F150A5CAC00AA8F40 /* AppDelegate.m in Sources */,
				F6F97012150A5CAC00AA8F40 /* ViewController.m in Sources */,
				F625343915126FE400E05C9A /* ManualViewController.m in Sources */,
				F6C863C815224A9800A5BEA8 /* TBSchnecke.m in Sources */,
				F6ABCCD6152CC9B800877092 /* WinViewController.m in Sources */,
			);
			runOnlyForDeploymentPostprocessing = 0;
		};
/* End PBXSourcesBuildPhase section */

/* Begin PBXVariantGroup section */
		F625342F15126C6A00E05C9A /* Localizable.strings */ = {
			isa = PBXVariantGroup;
			children = (
				F625342E15126C6A00E05C9A /* en */,
				F625343015126C7900E05C9A /* de */,
				F6A1541D15B2CBF4004247D9 /* zh-Hans */,
			);
			name = Localizable.strings;
			sourceTree = "<group>";
		};
		F625344D151278AD00E05C9A /* ManualViewController.xib */ = {
			isa = PBXVariantGroup;
			children = (
				F625344C151278AD00E05C9A /* en */,
				F625344E151278B300E05C9A /* de */,
				F6A1542215B2CBF4004247D9 /* zh-Hans */,
			);
			name = ManualViewController.xib;
			path = ..;
			sourceTree = "<group>";
		};
		F6ABCCE6152CECE300877092 /* WinViewController.xib */ = {
			isa = PBXVariantGroup;
			children = (
				F6ABCCE5152CECE300877092 /* en */,
				F6ABCCE7152CECEA00877092 /* de */,
				F6A1542115B2CBF4004247D9 /* zh-Hans */,
			);
			name = WinViewController.xib;
			path = ..;
			sourceTree = "<group>";
		};
		F6F97007150A5CAC00AA8F40 /* InfoPlist.strings */ = {
			isa = PBXVariantGroup;
			children = (
				F6F97008150A5CAC00AA8F40 /* en */,
				F625343515126E4700E05C9A /* de */,
				F6A1541F15B2CBF4004247D9 /* zh-Hans */,
			);
			name = InfoPlist.strings;
			sourceTree = "<group>";
		};
		F6F97013150A5CAC00AA8F40 /* ViewController.xib */ = {
			isa = PBXVariantGroup;
			children = (
				F6F97014150A5CAC00AA8F40 /* en */,
				F6A1541E15B2CBF4004247D9 /* zh-Hans */,
			);
			name = ViewController.xib;
			sourceTree = "<group>";
		};
/* End PBXVariantGroup section */

/* Begin XCBuildConfiguration section */
		F6F97016150A5CAC00AA8F40 /* Debug */ = {
			isa = XCBuildConfiguration;
			buildSettings = {
				ALWAYS_SEARCH_USER_PATHS = NO;
				ARCHS = "$(ARCHS_STANDARD_32_BIT)";
				CLANG_ENABLE_OBJC_ARC = YES;
				"CODE_SIGN_IDENTITY[sdk=iphoneos*]" = "iPhone Developer";
				COPY_PHASE_STRIP = NO;
				GCC_C_LANGUAGE_STANDARD = gnu99;
				GCC_DYNAMIC_NO_PIC = NO;
				GCC_OPTIMIZATION_LEVEL = 0;
				GCC_PREPROCESSOR_DEFINITIONS = (
					"DEBUG=1",
					"$(inherited)",
				);
				GCC_SYMBOLS_PRIVATE_EXTERN = NO;
				GCC_VERSION = com.apple.compilers.llvm.clang.1_0;
				GCC_WARN_ABOUT_RETURN_TYPE = YES;
				GCC_WARN_UNINITIALIZED_AUTOS = YES;
				GCC_WARN_UNUSED_VARIABLE = YES;
				IPHONEOS_DEPLOYMENT_TARGET = 5.1;
				"PROVISIONING_PROFILE[sdk=iphoneos*]" = "";
				SDKROOT = iphoneos;
				TARGETED_DEVICE_FAMILY = 2;
			};
			name = Debug;
		};
		F6F97017150A5CAC00AA8F40 /* Release */ = {
			isa = XCBuildConfiguration;
			buildSettings = {
				ALWAYS_SEARCH_USER_PATHS = NO;
				ARCHS = "$(ARCHS_STANDARD_32_BIT)";
				CLANG_ENABLE_OBJC_ARC = YES;
				"CODE_SIGN_IDENTITY[sdk=iphoneos*]" = "iPhone Developer";
				COPY_PHASE_STRIP = YES;
				GCC_C_LANGUAGE_STANDARD = gnu99;
				GCC_VERSION = com.apple.compilers.llvm.clang.1_0;
				GCC_WARN_ABOUT_RETURN_TYPE = YES;
				GCC_WARN_UNINITIALIZED_AUTOS = YES;
				GCC_WARN_UNUSED_VARIABLE = YES;
				IPHONEOS_DEPLOYMENT_TARGET = 5.1;
				OTHER_CFLAGS = "-DNS_BLOCK_ASSERTIONS=1";
				"PROVISIONING_PROFILE[sdk=iphoneos*]" = "";
				SDKROOT = iphoneos;
				TARGETED_DEVICE_FAMILY = 2;
				VALIDATE_PRODUCT = YES;
			};
			name = Release;
		};
		F6F97019150A5CAC00AA8F40 /* Debug */ = {
			isa = XCBuildConfiguration;
			buildSettings = {
				ASSETCATALOG_COMPILER_APPICON_NAME = AppIcon;
				ASSETCATALOG_COMPILER_LAUNCHIMAGE_NAME = LaunchImage;
				GCC_PRECOMPILE_PREFIX_HEADER = YES;
				GCC_PREFIX_HEADER = "Schneckenrennen/Schneckenrennen-Prefix.pch";
				INFOPLIST_FILE = "Schneckenrennen/Schneckenrennen-Info.plist";
				IPHONEOS_DEPLOYMENT_TARGET = 7.0;
				PRODUCT_NAME = "$(TARGET_NAME)";
				WRAPPER_EXTENSION = app;
			};
			name = Debug;
		};
		F6F9701A150A5CAC00AA8F40 /* Release */ = {
			isa = XCBuildConfiguration;
			buildSettings = {
				ASSETCATALOG_COMPILER_APPICON_NAME = AppIcon;
				ASSETCATALOG_COMPILER_LAUNCHIMAGE_NAME = LaunchImage;
				CODE_SIGN_IDENTITY = "iPhone Distribution";
				GCC_PRECOMPILE_PREFIX_HEADER = YES;
				GCC_PREFIX_HEADER = "Schneckenrennen/Schneckenrennen-Prefix.pch";
				INFOPLIST_FILE = "Schneckenrennen/Schneckenrennen-Info.plist";
				IPHONEOS_DEPLOYMENT_TARGET = 7.0;
				PRODUCT_NAME = "$(TARGET_NAME)";
				PROVISIONING_PROFILE = "";
				WRAPPER_EXTENSION = app;
			};
			name = Release;
		};
/* End XCBuildConfiguration section */

/* Begin XCConfigurationList section */
		F6F96FF4150A5CAB00AA8F40 /* Build configuration list for PBXProject "Schneckenrennen" */ = {
			isa = XCConfigurationList;
			buildConfigurations = (
				F6F97016150A5CAC00AA8F40 /* Debug */,
				F6F97017150A5CAC00AA8F40 /* Release */,
			);
			defaultConfigurationIsVisible = 0;
			defaultConfigurationName = Release;
		};
		F6F97018150A5CAC00AA8F40 /* Build configuration list for PBXNativeTarget "Schneckenrennen" */ = {
			isa = XCConfigurationList;
			buildConfigurations = (
				F6F97019150A5CAC00AA8F40 /* Debug */,
				F6F9701A150A5CAC00AA8F40 /* Release */,
			);
			defaultConfigurationIsVisible = 0;
			defaultConfigurationName = Release;
		};
/* End XCConfigurationList section */
	};
	rootObject = F6F96FF1150A5CAB00AA8F40 /* Project object */;
}
